
Microsoft Visual Studio Solution File, Format Version 12.00
# Visual Studio 15
VisualStudioVersion = 15.0.26124.0
MinimumVisualStudioVersion = 15.0.26124.0
Project("{2150E333-8FDC-42A3-9474-1A3956D46DE8}") = "src", "src", "{5312D073-FC54-48C7-A15B-F2CDFB2BA12B}"
EndProject
Project("{F2A71F9B-5D33-465A-A702-920D77279786}") = "Functions", "src\Functions\Functions.fsproj", "{27B87093-3B04-4069-A9E6-7BD055DEE52D}"
EndProject
Project("{2150E333-8FDC-42A3-9474-1A3956D46DE8}") = "tests", "tests", "{66D57B40-8B47-446E-B6B7-061CE74BADE3}"
EndProject
Project("{F2A71F9B-5D33-465A-A702-920D77279786}") = "Integration", "tests\Integration\Integration.fsproj", "{A27FB40C-67DF-48CF-9986-707ECB188EEE}"
EndProject
Project("{F2A71F9B-5D33-465A-A702-920D77279786}") = "Unit", "tests\Unit\Unit.fsproj", "{61EF4677-E7C2-46D8-977F-958938ED2784}"
EndProject
Global
	GlobalSection(SolutionConfigurationPlatforms) = preSolution
		Debug|Any CPU = Debug|Any CPU
		Debug|x64 = Debug|x64
		Debug|x86 = Debug|x86
		Release|Any CPU = Release|Any CPU
		Release|x64 = Release|x64
		Release|x86 = Release|x86
	EndGlobalSection
	GlobalSection(SolutionProperties) = preSolution
		HideSolutionNode = FALSE
	EndGlobalSection
	GlobalSection(ProjectConfigurationPlatforms) = postSolution
		{27B87093-3B04-4069-A9E6-7BD055DEE52D}.Debug|Any CPU.ActiveCfg = Debug|Any CPU
		{27B87093-3B04-4069-A9E6-7BD055DEE52D}.Debug|Any CPU.Build.0 = Debug|Any CPU
		{27B87093-3B04-4069-A9E6-7BD055DEE52D}.Debug|x64.ActiveCfg = Debug|Any CPU
		{27B87093-3B04-4069-A9E6-7BD055DEE52D}.Debug|x64.Build.0 = Debug|Any CPU
		{27B87093-3B04-4069-A9E6-7BD055DEE52D}.Debug|x86.ActiveCfg = Debug|Any CPU
		{27B87093-3B04-4069-A9E6-7BD055DEE52D}.Debug|x86.Build.0 = Debug|Any CPU
		{27B87093-3B04-4069-A9E6-7BD055DEE52D}.Release|Any CPU.ActiveCfg = Release|Any CPU
		{27B87093-3B04-4069-A9E6-7BD055DEE52D}.Release|Any CPU.Build.0 = Release|Any CPU
		{27B87093-3B04-4069-A9E6-7BD055DEE52D}.Release|x64.ActiveCfg = Release|Any CPU
		{27B87093-3B04-4069-A9E6-7BD055DEE52D}.Release|x64.Build.0 = Release|Any CPU
		{27B87093-3B04-4069-A9E6-7BD055DEE52D}.Release|x86.ActiveCfg = Release|Any CPU
		{27B87093-3B04-4069-A9E6-7BD055DEE52D}.Release|x86.Build.0 = Release|Any CPU
		{A27FB40C-67DF-48CF-9986-707ECB188EEE}.Debug|Any CPU.ActiveCfg = Debug|Any CPU
		{A27FB40C-67DF-48CF-9986-707ECB188EEE}.Debug|Any CPU.Build.0 = Debug|Any CPU
		{A27FB40C-67DF-48CF-9986-707ECB188EEE}.Debug|x64.ActiveCfg = Debug|Any CPU
		{A27FB40C-67DF-48CF-9986-707ECB188EEE}.Debug|x64.Build.0 = Debug|Any CPU
		{A27FB40C-67DF-48CF-9986-707ECB188EEE}.Debug|x86.ActiveCfg = Debug|Any CPU
		{A27FB40C-67DF-48CF-9986-707ECB188EEE}.Debug|x86.Build.0 = Debug|Any CPU
		{A27FB40C-67DF-48CF-9986-707ECB188EEE}.Release|Any CPU.ActiveCfg = Release|Any CPU
		{A27FB40C-67DF-48CF-9986-707ECB188EEE}.Release|Any CPU.Build.0 = Release|Any CPU
		{A27FB40C-67DF-48CF-9986-707ECB188EEE}.Release|x64.ActiveCfg = Release|Any CPU
		{A27FB40C-67DF-48CF-9986-707ECB188EEE}.Release|x64.Build.0 = Release|Any CPU
		{A27FB40C-67DF-48CF-9986-707ECB188EEE}.Release|x86.ActiveCfg = Release|Any CPU
		{A27FB40C-67DF-48CF-9986-707ECB188EEE}.Release|x86.Build.0 = Release|Any CPU
		{61EF4677-E7C2-46D8-977F-958938ED2784}.Debug|Any CPU.ActiveCfg = Debug|Any CPU
		{61EF4677-E7C2-46D8-977F-958938ED2784}.Debug|Any CPU.Build.0 = Debug|Any CPU
		{61EF4677-E7C2-46D8-977F-958938ED2784}.Debug|x64.ActiveCfg = Debug|Any CPU
		{61EF4677-E7C2-46D8-977F-958938ED2784}.Debug|x64.Build.0 = Debug|Any CPU
		{61EF4677-E7C2-46D8-977F-958938ED2784}.Debug|x86.ActiveCfg = Debug|Any CPU
		{61EF4677-E7C2-46D8-977F-958938ED2784}.Debug|x86.Build.0 = Debug|Any CPU
		{61EF4677-E7C2-46D8-977F-958938ED2784}.Release|Any CPU.ActiveCfg = Release|Any CPU
		{61EF4677-E7C2-46D8-977F-958938ED2784}.Release|Any CPU.Build.0 = Release|Any CPU
		{61EF4677-E7C2-46D8-977F-958938ED2784}.Release|x64.ActiveCfg = Release|Any CPU
		{61EF4677-E7C2-46D8-977F-958938ED2784}.Release|x64.Build.0 = Release|Any CPU
		{61EF4677-E7C2-46D8-977F-958938ED2784}.Release|x86.ActiveCfg = Release|Any CPU
		{61EF4677-E7C2-46D8-977F-958938ED2784}.Release|x86.Build.0 = Release|Any CPU
	EndGlobalSection
	GlobalSection(NestedProjects) = preSolution
		{27B87093-3B04-4069-A9E6-7BD055DEE52D} = {5312D073-FC54-48C7-A15B-F2CDFB2BA12B}
		{A27FB40C-67DF-48CF-9986-707ECB188EEE} = {66D57B40-8B47-446E-B6B7-061CE74BADE3}
		{61EF4677-E7C2-46D8-977F-958938ED2784} = {66D57B40-8B47-446E-B6B7-061CE74BADE3}
	EndGlobalSection
EndGlobal
