
Microsoft Visual Studio Solution File, Format Version 12.00
# Visual Studio 15
VisualStudioVersion = 15.0.27004.2010
MinimumVisualStudioVersion = 10.0.40219.1
Project("{F2A71F9B-5D33-465A-A702-920D77279786}") = "Functions", "src\Functions\Functions.fsproj", "{2DF947A1-C352-4FB0-BA42-6A6E0E848E36}"
EndProject
Project("{F2A71F9B-5D33-465A-A702-920D77279786}") = "Functions.Tests", "test\Functions.Tests\Functions.Tests.fsproj", "{55D71BF3-8B13-4806-A485-400FE0148E94}"
EndProject
Project("{F2A71F9B-5D33-465A-A702-920D77279786}") = "Integration.Test", "src\Integration.Test\Integration.Test.fsproj", "{0F2AB73C-76BD-425E-B616-B065D8726E40}"
EndProject
Global
	GlobalSection(SolutionConfigurationPlatforms) = preSolution
		Debug|Any CPU = Debug|Any CPU
		Release|Any CPU = Release|Any CPU
	EndGlobalSection
	GlobalSection(ProjectConfigurationPlatforms) = postSolution
		{2DF947A1-C352-4FB0-BA42-6A6E0E848E36}.Debug|Any CPU.ActiveCfg = Debug|Any CPU
		{2DF947A1-C352-4FB0-BA42-6A6E0E848E36}.Debug|Any CPU.Build.0 = Debug|Any CPU
		{2DF947A1-C352-4FB0-BA42-6A6E0E848E36}.Release|Any CPU.ActiveCfg = Release|Any CPU
		{2DF947A1-C352-4FB0-BA42-6A6E0E848E36}.Release|Any CPU.Build.0 = Release|Any CPU
		{55D71BF3-8B13-4806-A485-400FE0148E94}.Debug|Any CPU.ActiveCfg = Debug|Any CPU
		{55D71BF3-8B13-4806-A485-400FE0148E94}.Debug|Any CPU.Build.0 = Debug|Any CPU
		{55D71BF3-8B13-4806-A485-400FE0148E94}.Release|Any CPU.ActiveCfg = Release|Any CPU
		{55D71BF3-8B13-4806-A485-400FE0148E94}.Release|Any CPU.Build.0 = Release|Any CPU
		{0F2AB73C-76BD-425E-B616-B065D8726E40}.Debug|Any CPU.ActiveCfg = Debug|Any CPU
		{0F2AB73C-76BD-425E-B616-B065D8726E40}.Debug|Any CPU.Build.0 = Debug|Any CPU
		{0F2AB73C-76BD-425E-B616-B065D8726E40}.Release|Any CPU.ActiveCfg = Release|Any CPU
		{0F2AB73C-76BD-425E-B616-B065D8726E40}.Release|Any CPU.Build.0 = Release|Any CPU
	EndGlobalSection
	GlobalSection(SolutionProperties) = preSolution
		HideSolutionNode = FALSE
	EndGlobalSection
	GlobalSection(ExtensibilityGlobals) = postSolution
		SolutionGuid = {FAD336FB-80C5-4D0F-91FD-F9A35828206D}
	EndGlobalSection
EndGlobal
